# Generated by move; do not edit
# This file should be checked in.

[move]
version = 4

[pinned.testnet.MoveStdlib]
source = { git = "https://github.com/MystenLabs/sui.git", subdir = "crates/sui-framework/packages/move-stdlib", rev = "b40cdedf4df6f0deaa4a46c1bf99c57029160202" }
use_environment = "testnet"
manifest_digest = "C4FE4C91DE74CBF223B2E380AE40F592177D21870DC2D7EB6227D2D694E05363"
deps = {}

[pinned.testnet.Sui]
source = { git = "https://github.com/MystenLabs/sui.git", subdir = "crates/sui-framework/packages/sui-framework", rev = "b40cdedf4df6f0deaa4a46c1bf99c57029160202" }
use_environment = "testnet"
manifest_digest = "7AFB66695545775FBFBB2D3078ADFD084244D5002392E837FDE21D9EA1C6D01C"
deps = { MoveStdlib = "MoveStdlib" }

[pinned.testnet.deepbook]
source = { local = "../deepbookv3/packages/deepbook" }
use_environment = "testnet"
manifest_digest = "F6FB5F849AAC3F567B71AFE5BD13482B6C00B6838A7330E530E74A5F741F06F6"
deps = { Sui = "Sui", token = "token" }

[pinned.testnet.tide_protocol]
source = { root = true }
use_environment = "testnet"
manifest_digest = "EB70D7EF29FD2663969CE7564F84E6667B86781141A6462FCD88960B8BC15B68"
deps = { Sui = "Sui", deepbook = "deepbook", tide_tokens = "tide_tokens", token = "token" }

[pinned.testnet.tide_tokens]
source = { local = "../tide_tokens" }
use_environment = "testnet"
manifest_digest = "75C80F0552EB68058DD7685D241414676DC2F80D1530F70A8064F3A6B2BBAD7C"
deps = { Sui = "Sui" }

[pinned.testnet.token]
source = { local = "../deepbookv3/packages/token" }
use_environment = "testnet"
manifest_digest = "75C80F0552EB68058DD7685D241414676DC2F80D1530F70A8064F3A6B2BBAD7C"
deps = { Sui = "Sui" }
